
Microsoft Visual Studio Solution File, Format Version 12.00
# Visual Studio Version 17
VisualStudioVersion = 17.1.32210.238
MinimumVisualStudioVersion = 10.0.40219.1
Project("{FAE04EC0-301F-11D3-BF4B-00C04F79EFBC}") = "Disconnected Environment", "Disconnected Environment\Disconnected Environment.csproj", "{D921E8D8-1E4D-4866-B70B-102D1103F75D}"
EndProject
Global
	GlobalSection(SolutionConfigurationPlatforms) = preSolution
		Debug|Any CPU = Debug|Any CPU
		Release|Any CPU = Release|Any CPU
	EndGlobalSection
	GlobalSection(ProjectConfigurationPlatforms) = postSolution
		{D921E8D8-1E4D-4866-B70B-102D1103F75D}.Debug|Any CPU.ActiveCfg = Debug|Any CPU
		{D921E8D8-1E4D-4866-B70B-102D1103F75D}.Debug|Any CPU.Build.0 = Debug|Any CPU
		{D921E8D8-1E4D-4866-B70B-102D1103F75D}.Release|Any CPU.ActiveCfg = Release|Any CPU
		{D921E8D8-1E4D-4866-B70B-102D1103F75D}.Release|Any CPU.Build.0 = Release|Any CPU
	EndGlobalSection
	GlobalSection(SolutionProperties) = preSolution
		HideSolutionNode = FALSE
	EndGlobalSection
	GlobalSection(ExtensibilityGlobals) = postSolution
		SolutionGuid = {D981C718-51A8-4E2B-877D-DC316EBED0C6}
	EndGlobalSection
EndGlobal
